{
  "name": "irloggr-react-ui",
  "version": "0.0.0",
  "dependencies": {
    "express": {
      "version": "3.4.1",
      "from": "express@*",
      "dependencies": {
        "connect": {
          "version": "2.9.1",
          "from": "connect@2.9.1",
          "dependencies": {
            "qs": {
              "version": "0.6.5",
              "from": "qs@0.6.5"
            },
            "bytes": {
              "version": "0.2.0",
              "from": "bytes@0.2.0"
            },
            "pause": {
              "version": "0.0.1",
              "from": "pause@0.0.1"
            },
            "uid2": {
              "version": "0.0.2",
              "from": "uid2@0.0.2"
            },
            "multiparty": {
              "version": "2.2.0",
              "from": "multiparty@2.2.0",
              "dependencies": {
                "readable-stream": {
                  "version": "1.1.9",
                  "from": "readable-stream@~1.1.9",
                  "dependencies": {
                    "core-util-is": {
                      "version": "1.0.0",
                      "from": "core-util-is@~1.0.0"
                    },
                    "debuglog": {
                      "version": "0.0.2",
                      "from": "debuglog@0.0.2"
                    }
                  }
                },
                "stream-counter": {
                  "version": "0.2.0",
                  "from": "stream-counter@~0.2.0"
                }
              }
            }
          }
        },
        "commander": {
          "version": "2.0.0",
          "from": "commander@2.0.0"
        },
        "range-parser": {
          "version": "0.0.4",
          "from": "range-parser@0.0.4"
        },
        "mkdirp": {
          "version": "0.3.5",
          "from": "mkdirp@0.3.5"
        },
        "cookie": {
          "version": "0.1.0",
          "from": "cookie@0.1.0"
        },
        "buffer-crc32": {
          "version": "0.2.1",
          "from": "buffer-crc32@0.2.1"
        },
        "fresh": {
          "version": "0.2.0",
          "from": "fresh@0.2.0"
        },
        "methods": {
          "version": "0.0.1",
          "from": "methods@0.0.1"
        },
        "send": {
          "version": "0.1.4",
          "from": "send@0.1.4",
          "dependencies": {
            "mime": {
              "version": "1.2.11",
              "from": "mime@~1.2.9"
            }
          }
        },
        "cookie-signature": {
          "version": "1.0.1",
          "from": "cookie-signature@1.0.1"
        },
        "debug": {
          "version": "0.7.2",
          "from": "debug@*"
        }
      }
    },
    "moment": {
      "version": "2.3.1",
      "from": "moment@*",
      "resolved": "https://registry.npmjs.org/moment/-/moment-2.3.1.tgz"
    },
    "md5": {
      "version": "1.0.0",
      "from": "md5@*"
    },
    "URIjs": {
      "version": "1.11.2",
      "from": "URIjs@*"
    },
    "react-app": {
      "version": "0.2.0",
      "from": "react-app@~0.2.0",
      "dependencies": {
        "xhr2": {
          "version": "0.0.7",
          "from": "xhr2@*"
        },
        "url-pattern": {
          "version": "0.2.1",
          "from": "url-pattern@~0.2.1",
          "dependencies": {
            "coffee-script": {
              "version": "1.4.0",
              "from": "coffee-script@1.4.0"
            }
          }
        },
        "callsite": {
          "version": "1.0.0",
          "from": "callsite@~1.0.0"
        },
        "reactify": {
          "version": "0.4.0",
          "from": "reactify@0.4.x",
          "dependencies": {
            "jstransform": {
              "version": "1.0.1",
              "from": "jstransform@1.x.x",
              "dependencies": {
                "base62": {
                  "version": "0.1.1",
                  "from": "base62@0.1.1"
                },
                "esprima-fb": {
                  "version": "1001.1001.2000-dev-harmony-fb",
                  "from": "esprima-fb@1001.1001.2000-dev-harmony-fb"
                },
                "source-map": {
                  "version": "0.1.8",
                  "from": "source-map@0.1.8",
                  "dependencies": {
                    "amdefine": {
                      "version": "0.1.0",
                      "from": "amdefine@>=0.0.4"
                    }
                  }
                }
              }
            },
            "through": {
              "version": "2.3.4",
              "from": "through@~2.3.4"
            }
          }
        },
        "dcompose": {
          "version": "0.5.1",
          "from": "dcompose@>= 0.5.1 < 0.6.0",
          "dependencies": {
            "dgraph": {
              "version": "0.8.1",
              "from": "dgraph@0.8.x",
              "dependencies": {
                "resolve": {
                  "version": "0.5.1",
                  "from": "resolve@~0.5.0"
                },
                "JSONStream": {
                  "version": "0.7.1",
                  "from": "JSONStream@~0.7.1",
                  "dependencies": {
                    "jsonparse": {
                      "version": "0.0.5",
                      "from": "jsonparse@0.0.5"
                    },
                    "through": {
                      "version": "2.2.7",
                      "from": "through@~2.2.7"
                    }
                  }
                },
                "minimist": {
                  "version": "0.0.3",
                  "from": "minimist@0.0.3"
                }
              }
            },
            "dgraph-live": {
              "version": "0.4.1",
              "from": "dgraph-live@0.4.x",
              "dependencies": {
                "dgraph": {
                  "version": "0.7.1",
                  "from": "dgraph@0.7.x",
                  "dependencies": {
                    "resolve": {
                      "version": "0.5.1",
                      "from": "resolve@~0.5.0"
                    },
                    "JSONStream": {
                      "version": "0.7.1",
                      "from": "JSONStream@~0.7.1",
                      "dependencies": {
                        "jsonparse": {
                          "version": "0.0.5",
                          "from": "jsonparse@0.0.5"
                        },
                        "through": {
                          "version": "2.2.7",
                          "from": "through@~2.2.7"
                        }
                      }
                    },
                    "minimist": {
                      "version": "0.0.3",
                      "from": "minimist@0.0.3"
                    }
                  }
                }
              }
            },
            "browser-resolve": {
              "version": "1.1.4",
              "from": "browser-resolve@~1.1.4",
              "dependencies": {
                "resolve": {
                  "version": "0.5.1",
                  "from": "resolve@0.5.1"
                }
              }
            },
            "kew": {
              "version": "0.2.2",
              "from": "kew@git+https://github.com/andreypopp/kew.git",
              "resolved": "git+https://github.com/andreypopp/kew.git#6af5388dea20342412f19c1ea13808ad65660409"
            },
            "browser-builtins": {
              "version": "2.0.5",
              "from": "browser-builtins@2.0.x",
              "dependencies": {
                "punycode": {
                  "version": "1.2.3",
                  "from": "punycode@1.2.x"
                },
                "console-browserify": {
                  "version": "1.0.1",
                  "from": "console-browserify@~1.0.1"
                },
                "vm-browserify": {
                  "version": "0.0.1",
                  "from": "vm-browserify@0.0.x"
                },
                "crypto-browserify": {
                  "version": "1.0.5",
                  "from": "crypto-browserify@1.0.x"
                },
                "http-browserify": {
                  "version": "0.1.13",
                  "from": "http-browserify@0.1.x",
                  "dependencies": {
                    "concat-stream": {
                      "version": "1.0.1",
                      "from": "concat-stream@~1.0.0",
                      "dependencies": {
                        "bops": {
                          "version": "0.0.6",
                          "from": "bops@0.0.6",
                          "dependencies": {
                            "base64-js": {
                              "version": "0.0.2",
                              "from": "base64-js@0.0.2"
                            },
                            "to-utf8": {
                              "version": "0.0.1",
                              "from": "to-utf8@0.0.1"
                            }
                          }
                        }
                      }
                    },
                    "Base64": {
                      "version": "0.1.4",
                      "from": "Base64@~0.1.2"
                    }
                  }
                },
                "buffer-browserify": {
                  "version": "0.2.2",
                  "from": "buffer-browserify@0.2.x",
                  "dependencies": {
                    "base64-js": {
                      "version": "0.0.2",
                      "from": "base64-js@0.0.2"
                    }
                  }
                },
                "zlib-browserify": {
                  "version": "0.0.3",
                  "from": "zlib-browserify@0.0.x",
                  "dependencies": {
                    "tape": {
                      "version": "0.2.2",
                      "from": "tape@~0.2.2",
                      "dependencies": {
                        "jsonify": {
                          "version": "0.0.0",
                          "from": "jsonify@~0.0.0"
                        },
                        "deep-equal": {
                          "version": "0.0.0",
                          "from": "deep-equal@~0.0.0"
                        },
                        "defined": {
                          "version": "0.0.0",
                          "from": "defined@~0.0.0"
                        }
                      }
                    }
                  }
                },
                "constants-browserify": {
                  "version": "0.0.1",
                  "from": "constants-browserify@0.0.x"
                },
                "os-browserify": {
                  "version": "0.1.1",
                  "from": "os-browserify@0.1.x"
                }
              }
            },
            "deps-sort": {
              "version": "0.1.1",
              "from": "deps-sort@~0.1.1",
              "dependencies": {
                "JSONStream": {
                  "version": "0.6.4",
                  "from": "JSONStream@~0.6.4",
                  "dependencies": {
                    "jsonparse": {
                      "version": "0.0.5",
                      "from": "jsonparse@0.0.5"
                    },
                    "through": {
                      "version": "2.2.7",
                      "from": "through@~2.2.7"
                    }
                  }
                },
                "minimist": {
                  "version": "0.0.5",
                  "from": "minimist@~0.0.1"
                }
              }
            },
            "insert-module-globals": {
              "version": "1.3.1",
              "from": "insert-module-globals@~1.3.1",
              "dependencies": {
                "commondir": {
                  "version": "0.0.1",
                  "from": "commondir@~0.0.1"
                },
                "lexical-scope": {
                  "version": "0.0.14",
                  "from": "lexical-scope@~0.0.5",
                  "dependencies": {
                    "astw": {
                      "version": "0.0.0",
                      "from": "astw@~0.0.0",
                      "dependencies": {
                        "esprima": {
                          "version": "1.0.2",
                          "from": "esprima@1.0.2"
                        }
                      }
                    }
                  }
                },
                "process": {
                  "version": "0.5.1",
                  "from": "process@~0.5.1"
                },
                "through": {
                  "version": "2.2.7",
                  "from": "through@~2.2.7"
                },
                "duplexer": {
                  "version": "0.0.4",
                  "from": "duplexer@~0.0.3"
                },
                "JSONStream": {
                  "version": "0.4.4",
                  "from": "JSONStream@~0.4.3",
                  "dependencies": {
                    "jsonparse": {
                      "version": "0.0.5",
                      "from": "jsonparse@0.0.5"
                    }
                  }
                }
              }
            },
            "through": {
              "version": "2.3.4",
              "from": "through@~2.3.4"
            },
            "stream-combiner": {
              "version": "0.0.2",
              "from": "stream-combiner@0.0.2",
              "dependencies": {
                "duplexer": {
                  "version": "0.0.4",
                  "from": "duplexer@~0.0.3"
                }
              }
            },
            "css-pack": {
              "version": "0.2.1",
              "from": "css-pack@~0.x.x",
              "dependencies": {
                "css": {
                  "version": "1.4.3",
                  "from": "css@~1.4.2",
                  "dependencies": {
                    "css-parse": {
                      "version": "1.6.0",
                      "from": "css-parse@1.6.0"
                    },
                    "css-stringify": {
                      "version": "1.3.1",
                      "from": "css-stringify@1.3.1"
                    }
                  }
                },
                "JSONStream": {
                  "version": "0.7.1",
                  "from": "JSONStream@~0.7.1",
                  "dependencies": {
                    "jsonparse": {
                      "version": "0.0.5",
                      "from": "jsonparse@0.0.5"
                    },
                    "through": {
                      "version": "2.2.7",
                      "from": "through@~2.2.7"
                    }
                  }
                }
              }
            },
            "dgraph-css-import": {
              "version": "0.1.1",
              "from": "dgraph-css-import@~0.1.1",
              "dependencies": {
                "css-parse": {
                  "version": "1.5.3",
                  "from": "css-parse@~1.5.3"
                }
              }
            },
            "as-stream": {
              "version": "0.1.1",
              "from": "as-stream@~0.1.1"
            },
            "detective": {
              "version": "2.2.0",
              "from": "detective@~2.2.0",
              "dependencies": {
                "esprima": {
                  "version": "1.0.2",
                  "from": "esprima@1.0.2"
                },
                "escodegen": {
                  "version": "0.0.15",
                  "from": "escodegen@0.0.15"
                }
              }
            },
            "browser-pack": {
              "version": "0.11.0",
              "from": "browser-pack@~0.11.0",
              "dependencies": {
                "JSONStream": {
                  "version": "0.6.4",
                  "from": "JSONStream@~0.6.4",
                  "dependencies": {
                    "jsonparse": {
                      "version": "0.0.5",
                      "from": "jsonparse@0.0.5"
                    },
                    "through": {
                      "version": "2.2.7",
                      "from": "through@~2.2.7"
                    }
                  }
                },
                "combine-source-map": {
                  "version": "0.2.0",
                  "from": "combine-source-map@~0.2.0",
                  "dependencies": {
                    "convert-source-map": {
                      "version": "0.2.6",
                      "from": "convert-source-map@~0.2.3"
                    },
                    "inline-source-map": {
                      "version": "0.2.5",
                      "from": "inline-source-map@~0.2.1"
                    }
                  }
                }
              }
            }
          }
        },
        "stream-aggregate-promise": {
          "version": "0.1.1",
          "from": "stream-aggregate-promise@0.x.x",
          "dependencies": {
            "stream-aggregate": {
              "version": "0.1.1",
              "from": "stream-aggregate@~0.1.1",
              "dependencies": {
                "through": {
                  "version": "2.3.4",
                  "from": "through@~2.3.4"
                }
              }
            }
          }
        },
        "lodash": {
          "version": "2.2.1",
          "from": "lodash@2.x.x"
        },
        "lodash.clonedeep": {
          "version": "2.1.0",
          "from": "lodash.clonedeep@~2.1.0",
          "dependencies": {
            "lodash._baseclone": {
              "version": "2.1.0",
              "from": "lodash._baseclone@~2.1.0",
              "dependencies": {
                "lodash.assign": {
                  "version": "2.1.0",
                  "from": "lodash.assign@~2.1.0",
                  "dependencies": {
                    "lodash.keys": {
                      "version": "2.1.0",
                      "from": "lodash.keys@~2.1.0",
                      "dependencies": {
                        "lodash._renative": {
                          "version": "2.1.0",
                          "from": "lodash._renative@~2.1.0"
                        },
                        "lodash._shimkeys": {
                          "version": "2.1.0",
                          "from": "lodash._shimkeys@~2.1.0"
                        }
                      }
                    },
                    "lodash._objecttypes": {
                      "version": "2.1.0",
                      "from": "lodash._objecttypes@~2.1.0"
                    }
                  }
                },
                "lodash.foreach": {
                  "version": "2.1.0",
                  "from": "lodash.foreach@~2.1.0"
                },
                "lodash.forown": {
                  "version": "2.1.0",
                  "from": "lodash.forown@~2.1.0",
                  "dependencies": {
                    "lodash.keys": {
                      "version": "2.1.0",
                      "from": "lodash.keys@~2.1.0",
                      "dependencies": {
                        "lodash._renative": {
                          "version": "2.1.0",
                          "from": "lodash._renative@~2.1.0"
                        },
                        "lodash._shimkeys": {
                          "version": "2.1.0",
                          "from": "lodash._shimkeys@~2.1.0"
                        }
                      }
                    },
                    "lodash._objecttypes": {
                      "version": "2.1.0",
                      "from": "lodash._objecttypes@~2.1.0"
                    }
                  }
                },
                "lodash._getarray": {
                  "version": "2.1.0",
                  "from": "lodash._getarray@~2.1.0",
                  "dependencies": {
                    "lodash._arraypool": {
                      "version": "2.1.0",
                      "from": "lodash._arraypool@~2.1.0"
                    }
                  }
                },
                "lodash.isarray": {
                  "version": "2.1.0",
                  "from": "lodash.isarray@~2.1.0",
                  "dependencies": {
                    "lodash._renative": {
                      "version": "2.1.0",
                      "from": "lodash._renative@~2.1.0"
                    }
                  }
                },
                "lodash.isobject": {
                  "version": "2.1.0",
                  "from": "lodash.isobject@~2.1.0",
                  "dependencies": {
                    "lodash._objecttypes": {
                      "version": "2.1.0",
                      "from": "lodash._objecttypes@~2.1.0"
                    }
                  }
                },
                "lodash._releasearray": {
                  "version": "2.1.0",
                  "from": "lodash._releasearray@~2.1.0",
                  "dependencies": {
                    "lodash._arraypool": {
                      "version": "2.1.0",
                      "from": "lodash._arraypool@~2.1.0"
                    },
                    "lodash._maxpoolsize": {
                      "version": "2.1.0",
                      "from": "lodash._maxpoolsize@~2.1.0"
                    }
                  }
                },
                "lodash._slice": {
                  "version": "2.1.0",
                  "from": "lodash._slice@~2.1.0"
                }
              }
            },
            "lodash._basecreatecallback": {
              "version": "2.1.0",
              "from": "lodash._basecreatecallback@~2.1.0",
              "dependencies": {
                "lodash.bind": {
                  "version": "2.1.0",
                  "from": "lodash.bind@~2.1.0",
                  "dependencies": {
                    "lodash._createbound": {
                      "version": "2.1.0",
                      "from": "lodash._createbound@~2.1.0",
                      "dependencies": {
                        "lodash._createobject": {
                          "version": "2.1.0",
                          "from": "lodash._createobject@~2.1.0",
                          "dependencies": {
                            "lodash._noop": {
                              "version": "2.1.0",
                              "from": "lodash._noop@~2.1.0"
                            }
                          }
                        },
                        "lodash.isfunction": {
                          "version": "2.1.0",
                          "from": "lodash.isfunction@~2.1.0"
                        },
                        "lodash.isobject": {
                          "version": "2.1.0",
                          "from": "lodash.isobject@~2.1.0",
                          "dependencies": {
                            "lodash._objecttypes": {
                              "version": "2.1.0",
                              "from": "lodash._objecttypes@~2.1.0"
                            }
                          }
                        }
                      }
                    },
                    "lodash._renative": {
                      "version": "2.1.0",
                      "from": "lodash._renative@~2.1.0"
                    }
                  }
                },
                "lodash.identity": {
                  "version": "2.1.0",
                  "from": "lodash.identity@~2.1.0"
                },
                "lodash._setbinddata": {
                  "version": "2.1.0",
                  "from": "lodash._setbinddata@~2.1.0",
                  "dependencies": {
                    "lodash._getobject": {
                      "version": "2.1.0",
                      "from": "lodash._getobject@~2.1.0",
                      "dependencies": {
                        "lodash._objectpool": {
                          "version": "2.1.0",
                          "from": "lodash._objectpool@~2.1.0"
                        }
                      }
                    },
                    "lodash._noop": {
                      "version": "2.1.0",
                      "from": "lodash._noop@~2.1.0"
                    },
                    "lodash._renative": {
                      "version": "2.1.0",
                      "from": "lodash._renative@~2.1.0"
                    },
                    "lodash._releaseobject": {
                      "version": "2.1.0",
                      "from": "lodash._releaseobject@~2.1.0",
                      "dependencies": {
                        "lodash._maxpoolsize": {
                          "version": "2.1.0",
                          "from": "lodash._maxpoolsize@~2.1.0"
                        },
                        "lodash._objectpool": {
                          "version": "2.1.0",
                          "from": "lodash._objectpool@~2.1.0"
                        }
                      }
                    }
                  }
                },
                "lodash.support": {
                  "version": "2.1.0",
                  "from": "lodash.support@~2.1.0",
                  "dependencies": {
                    "lodash._renative": {
                      "version": "2.1.0",
                      "from": "lodash._renative@~2.1.0"
                    }
                  }
                }
              }
            }
          }
        },
        "optimist": {
          "version": "0.6.0",
          "from": "optimist@~0.6.0",
          "dependencies": {
            "minimist": {
              "version": "0.0.5",
              "from": "minimist@~0.0.1"
            }
          }
        },
        "wordwrap": {
          "version": "0.0.2",
          "from": "wordwrap@0.0.2"
        },
        "source-map": {
          "version": "0.1.30",
          "from": "source-map@~0.1.30",
          "dependencies": {
            "amdefine": {
              "version": "0.1.0",
              "from": "amdefine@>=0.0.4"
            }
          }
        },
        "mimetype": {
          "version": "0.0.5",
          "from": "mimetype@0.0.5"
        },
        "colors": {
          "version": "0.6.2",
          "from": "colors@~0.6.2"
        }
      }
    },
    "react-tools": {
      "version": "0.5.0",
      "from": "react-tools@~0.5.0",
      "dependencies": {
        "commoner": {
          "version": "0.8.6",
          "from": "commoner@~0.8.4",
          "dependencies": {
            "q": {
              "version": "0.9.7",
              "from": "q@>= 0.9.1"
            },
            "recast": {
              "version": "0.4.23",
              "from": "recast@~0.4.1",
              "dependencies": {
                "esprima": {
                  "version": "1.0.4",
                  "from": "esprima@>= 1.0.3"
                },
                "ast-types": {
                  "version": "0.3.5",
                  "from": "ast-types@>= 0.3.0"
                },
                "ast-path": {
                  "version": "0.1.4",
                  "from": "ast-path@>= 0.1.0",
                  "dependencies": {
                    "mocha": {
                      "version": "1.13.0",
                      "from": "mocha@~1.13.0",
                      "dependencies": {
                        "commander": {
                          "version": "0.6.1",
                          "from": "commander@0.6.1"
                        },
                        "growl": {
                          "version": "1.7.0",
                          "from": "growl@1.7.x"
                        },
                        "jade": {
                          "version": "0.26.3",
                          "from": "jade@0.26.3",
                          "dependencies": {
                            "mkdirp": {
                              "version": "0.3.0",
                              "from": "mkdirp@0.3.0",
                              "resolved": "https://registry.npmjs.org/mkdirp/-/mkdirp-0.3.0.tgz"
                            }
                          }
                        },
                        "diff": {
                          "version": "1.0.7",
                          "from": "diff@1.0.7"
                        },
                        "debug": {
                          "version": "0.7.2",
                          "from": "debug@*"
                        },
                        "glob": {
                          "version": "3.2.3",
                          "from": "glob@3.2.3",
                          "dependencies": {
                            "minimatch": {
                              "version": "0.2.12",
                              "from": "minimatch@~0.2.11",
                              "dependencies": {
                                "lru-cache": {
                                  "version": "2.3.1",
                                  "from": "lru-cache@2"
                                },
                                "sigmund": {
                                  "version": "1.0.0",
                                  "from": "sigmund@~1.0.0"
                                }
                              }
                            },
                            "inherits": {
                              "version": "2.0.1",
                              "from": "inherits@2"
                            }
                          }
                        }
                      }
                    }
                  }
                }
              }
            },
            "commander": {
              "version": "2.0.0",
              "from": "commander@>= 1.1.1"
            },
            "graceful-fs": {
              "version": "2.0.1",
              "from": "graceful-fs@~2.0.0"
            },
            "glob": {
              "version": "3.2.6",
              "from": "glob@>= 3.2.1",
              "dependencies": {
                "minimatch": {
                  "version": "0.2.12",
                  "from": "minimatch@~0.2.11",
                  "dependencies": {
                    "lru-cache": {
                      "version": "2.3.1",
                      "from": "lru-cache@2"
                    },
                    "sigmund": {
                      "version": "1.0.0",
                      "from": "sigmund@~1.0.0"
                    }
                  }
                },
                "inherits": {
                  "version": "2.0.1",
                  "from": "inherits@2"
                }
              }
            },
            "mkdirp": {
              "version": "0.3.5",
              "from": "mkdirp@>= 0.3.5"
            },
            "private": {
              "version": "0.0.5",
              "from": "private@>= 0.0.4"
            },
            "install": {
              "version": "0.1.7",
              "from": "install@>= 0.1.7"
            },
            "whiskey": {
              "version": "0.6.13",
              "from": "whiskey@0.6.x",
              "dependencies": {
                "sprintf": {
                  "version": "0.1.2",
                  "from": "sprintf@>= 0.1.1"
                },
                "async": {
                  "version": "0.2.9",
                  "from": "async@>= 0.1.18"
                },
                "magic-templates": {
                  "version": "0.1.1",
                  "from": "magic-templates@= 0.1.1",
                  "resolved": "https://registry.npmjs.org/magic-templates/-/magic-templates-0.1.1.tgz"
                },
                "rimraf": {
                  "version": "1.0.1",
                  "from": "rimraf@= 1.0.1",
                  "resolved": "https://registry.npmjs.org/rimraf/-/rimraf-1.0.1.tgz"
                },
                "terminal": {
                  "version": "0.1.3",
                  "from": "terminal@= 0.1.3",
                  "resolved": "https://registry.npmjs.org/terminal/-/terminal-0.1.3.tgz"
                },
                "gex": {
                  "version": "0.0.1",
                  "from": "gex@= 0.0.1",
                  "resolved": "https://registry.npmjs.org/gex/-/gex-0.0.1.tgz"
                },
                "simplesets": {
                  "version": "1.1.6",
                  "from": "simplesets@= 1.1.6",
                  "resolved": "https://registry.npmjs.org/simplesets/-/simplesets-1.1.6.tgz"
                },
                "logmagic": {
                  "version": "0.1.4",
                  "from": "logmagic@= 0.1.4",
                  "resolved": "https://registry.npmjs.org/logmagic/-/logmagic-0.1.4.tgz"
                },
                "underscore": {
                  "version": "1.5.2",
                  "from": "underscore@>= 1.4.2"
                }
              }
            }
          }
        },
        "esprima-fb": {
          "version": "1001.1001.2000-dev-harmony-fb",
          "from": "esprima-fb@~1001.1001.2000-dev-harmony-fb"
        },
        "jstransform": {
          "version": "1.0.1",
          "from": "jstransform@~1.0.1",
          "dependencies": {
            "base62": {
              "version": "0.1.1",
              "from": "base62@0.1.1"
            },
            "source-map": {
              "version": "0.1.8",
              "from": "source-map@0.1.8",
              "dependencies": {
                "amdefine": {
                  "version": "0.1.0",
                  "from": "amdefine@>=0.0.4"
                }
              }
            }
          }
        }
      }
    },
    "kew": {
      "version": "0.1.7",
      "from": "kew@~0.1.7"
    }
  }
}
